{
  "name": "@bmd/cms-starfish",
  "version": "1.0.0",
  "lockfileVersion": 1,
  "requires": true,
  "dependencies": {
    "titleize": {
      "version": "1.0.1",
      "resolved": "https://registry.npmjs.org/titleize/-/titleize-1.0.1.tgz",
      "integrity": "sha512-rUwGDruKq1gX+FFHbTl5qjI7teVO7eOe+C8IcQ7QT+1BK3eEUXJqbZcBOeaRP4FwSC/C1A5jDoIVta0nIQ9yew=="
    }
  }
}
